
Microsoft Visual Studio Solution File, Format Version 12.00
# Visual Studio Version 17
VisualStudioVersion = 17.5.002.0
MinimumVisualStudioVersion = 10.0.40219.1
Project("{9A19103F-16F7-4668-BE54-9A1E7A4F7556}") = "app-service-api", "app-service-api.csproj", "{D39563B6-304B-4CDB-B3D6-A62324E87620}"
EndProject
Global
	GlobalSection(SolutionConfigurationPlatforms) = preSolution
		Debug|Any CPU = Debug|Any CPU
		Release|Any CPU = Release|Any CPU
	EndGlobalSection
	GlobalSection(ProjectConfigurationPlatforms) = postSolution
		{D39563B6-304B-4CDB-B3D6-A62324E87620}.Debug|Any CPU.ActiveCfg = Debug|Any CPU
		{D39563B6-304B-4CDB-B3D6-A62324E87620}.Debug|Any CPU.Build.0 = Debug|Any CPU
		{D39563B6-304B-4CDB-B3D6-A62324E87620}.Release|Any CPU.ActiveCfg = Release|Any CPU
		{D39563B6-304B-4CDB-B3D6-A62324E87620}.Release|Any CPU.Build.0 = Release|Any CPU
	EndGlobalSection
	GlobalSection(SolutionProperties) = preSolution
		HideSolutionNode = FALSE
	EndGlobalSection
	GlobalSection(ExtensibilityGlobals) = postSolution
		SolutionGuid = {A2B52444-4B3D-4F75-BDC0-FD0531854BC7}
	EndGlobalSection
EndGlobal
